// !$*UTF8*$!
{
	archiveVersion = 1;
	classes = {
	};
	objectVersion = 46;
	objects = {

/* Begin PBXBuildFile section */
		AF3C180416D704AB00243DAF /* UIKit.framework in Frameworks */ = {isa = PBXBuildFile; fileRef = AF3C180316D704AB00243DAF /* UIKit.framework */; };
		AF3C180616D704AB00243DAF /* Foundation.framework in Frameworks */ = {isa = PBXBuildFile; fileRef = AF3C180516D704AB00243DAF /* Foundation.framework */; };
		AF3C180816D704AB00243DAF /* CoreGraphics.framework in Frameworks */ = {isa = PBXBuildFile; fileRef = AF3C180716D704AB00243DAF /* CoreGraphics.framework */; };
		AF3C180E16D704AB00243DAF /* InfoPlist.strings in Resources */ = {isa = PBXBuildFile; fileRef = AF3C180C16D704AB00243DAF /* InfoPlist.strings */; };
		AF3C181016D704AB00243DAF /* main.m in Sources */ = {isa = PBXBuildFile; fileRef = AF3C180F16D704AB00243DAF /* main.m */; };
		AF3C181416D704AB00243DAF /* AppDelegate.m in Sources */ = {isa = PBXBuildFile; fileRef = AF3C181316D704AB00243DAF /* AppDelegate.m */; };
		AF3C181616D704AB00243DAF /* Default.png in Resources */ = {isa = PBXBuildFile; fileRef = AF3C181516D704AB00243DAF /* Default.png */; };
		AF3C181816D704AB00243DAF /* Default@2x.png in Resources */ = {isa = PBXBuildFile; fileRef = AF3C181716D704AB00243DAF /* Default@2x.png */; };
		AF3C181A16D704AB00243DAF /* Default-568h@2x.png in Resources */ = {isa = PBXBuildFile; fileRef = AF3C181916D704AB00243DAF /* Default-568h@2x.png */; };
		AF3C181D16D704AB00243DAF /* MainStoryboard.storyboard in Resources */ = {isa = PBXBuildFile; fileRef = AF3C181B16D704AB00243DAF /* MainStoryboard.storyboard */; };
		AF3C182016D704AB00243DAF /* ViewController.m in Sources */ = {isa = PBXBuildFile; fileRef = AF3C181F16D704AB00243DAF /* ViewController.m */; };
		AFD91BCA16DC457600BD60C4 /* greenfrog.png in Resources */ = {isa = PBXBuildFile; fileRef = AFD91BC916DC457600BD60C4 /* greenfrog.png */; };
/* End PBXBuildFile section */

/* Begin PBXFileReference section */
		AF3C17FF16D704AB00243DAF /* HTML5.app */ = {isa = PBXFileReference; explicitFileType = wrapper.application; includeInIndex = 0; path = HTML5.app; sourceTree = BUILT_PRODUCTS_DIR; };
		AF3C180316D704AB00243DAF /* UIKit.framework */ = {isa = PBXFileReference; lastKnownFileType = wrapper.framework; name = UIKit.framework; path = System/Library/Frameworks/UIKit.framework; sourceTree = SDKROOT; };
		AF3C180516D704AB00243DAF /* Foundation.framework */ = {isa = PBXFileReference; lastKnownFileType = wrapper.framework; name = Foundation.framework; path = System/Library/Frameworks/Foundation.framework; sourceTree = SDKROOT; };
		AF3C180716D704AB00243DAF /* CoreGraphics.framework */ = {isa = PBXFileReference; lastKnownFileType = wrapper.framework; name = CoreGraphics.framework; path = System/Library/Frameworks/CoreGraphics.framework; sourceTree = SDKROOT; };
		AF3C180B16D704AB00243DAF /* HTML5-Info.plist */ = {isa = PBXFileReference; lastKnownFileType = text.plist.xml; path = "HTML5-Info.plist"; sourceTree = "<group>"; };
		AF3C180D16D704AB00243DAF /* en */ = {isa = PBXFileReference; lastKnownFileType = text.plist.strings; name = en; path = en.lproj/InfoPlist.strings; sourceTree = "<group>"; };
		AF3C180F16D704AB00243DAF /* main.m */ = {isa = PBXFileReference; lastKnownFileType = sourcecode.c.objc; path = main.m; sourceTree = "<group>"; };
		AF3C181116D704AB00243DAF /* HTML5-Prefix.pch */ = {isa = PBXFileReference; lastKnownFileType = sourcecode.c.h; path = "HTML5-Prefix.pch"; sourceTree = "<group>"; };
		AF3C181216D704AB00243DAF /* AppDelegate.h */ = {isa = PBXFileReference; lastKnownFileType = sourcecode.c.h; path = AppDelegate.h; sourceTree = "<group>"; };
		AF3C181316D704AB00243DAF /* AppDelegate.m */ = {isa = PBXFileReference; lastKnownFileType = sourcecode.c.objc; path = AppDelegate.m; sourceTree = "<group>"; };
		AF3C181516D704AB00243DAF /* Default.png */ = {isa = PBXFileReference; lastKnownFileType = image.png; path = Default.png; sourceTree = "<group>"; };
		AF3C181716D704AB00243DAF /* Default@2x.png */ = {isa = PBXFileReference; lastKnownFileType = image.png; path = "Default@2x.png"; sourceTree = "<group>"; };
		AF3C181916D704AB00243DAF /* Default-568h@2x.png */ = {isa = PBXFileReference; lastKnownFileType = image.png; path = "Default-568h@2x.png"; sourceTree = "<group>"; };
		AF3C181C16D704AB00243DAF /* en */ = {isa = PBXFileReference; lastKnownFileType = file.storyboard; name = en; path = en.lproj/MainStoryboard.storyboard; sourceTree = "<group>"; };
		AF3C181E16D704AB00243DAF /* ViewController.h */ = {isa = PBXFileReference; lastKnownFileType = sourcecode.c.h; path = ViewController.h; sourceTree = "<group>"; };
		AF3C181F16D704AB00243DAF /* ViewController.m */ = {isa = PBXFileReference; lastKnownFileType = sourcecode.c.objc; path = ViewController.m; sourceTree = "<group>"; };
		AFD91BC916DC457600BD60C4 /* greenfrog.png */ = {isa = PBXFileReference; lastKnownFileType = image.png; path = greenfrog.png; sourceTree = "<group>"; };
/* End PBXFileReference section */

/* Begin PBXFrameworksBuildPhase section */
		AF3C17FC16D704AB00243DAF /* Frameworks */ = {
			isa = PBXFrameworksBuildPhase;
			buildActionMask = 2147483647;
			files = (
				AF3C180416D704AB00243DAF /* UIKit.framework in Frameworks */,
				AF3C180616D704AB00243DAF /* Foundation.framework in Frameworks */,
				AF3C180816D704AB00243DAF /* CoreGraphics.framework in Frameworks */,
			);
			runOnlyForDeploymentPostprocessing = 0;
		};
/* End PBXFrameworksBuildPhase section */

/* Begin PBXGroup section */
		AF3C17F416D704AB00243DAF = {
			isa = PBXGroup;
			children = (
				AFD91BC916DC457600BD60C4 /* greenfrog.png */,
				AF3C180916D704AB00243DAF /* HTML5 */,
				AF3C180216D704AB00243DAF /* Frameworks */,
				AF3C180016D704AB00243DAF /* Products */,
			);
			sourceTree = "<group>";
		};
		AF3C180016D704AB00243DAF /* Products */ = {
			isa = PBXGroup;
			children = (
				AF3C17FF16D704AB00243DAF /* HTML5.app */,
			);
			name = Products;
			sourceTree = "<group>";
		};
		AF3C180216D704AB00243DAF /* Frameworks */ = {
			isa = PBXGroup;
			children = (
				AF3C180316D704AB00243DAF /* UIKit.framework */,
				AF3C180516D704AB00243DAF /* Foundation.framework */,
				AF3C180716D704AB00243DAF /* CoreGraphics.framework */,
			);
			name = Frameworks;
			sourceTree = "<group>";
		};
		AF3C180916D704AB00243DAF /* HTML5 */ = {
			isa = PBXGroup;
			children = (
				AF3C181216D704AB00243DAF /* AppDelegate.h */,
				AF3C181316D704AB00243DAF /* AppDelegate.m */,
				AF3C181B16D704AB00243DAF /* MainStoryboard.storyboard */,
				AF3C181E16D704AB00243DAF /* ViewController.h */,
				AF3C181F16D704AB00243DAF /* ViewController.m */,
				AF3C180A16D704AB00243DAF /* Supporting Files */,
			);
			path = HTML5;
			sourceTree = "<group>";
		};
		AF3C180A16D704AB00243DAF /* Supporting Files */ = {
			isa = PBXGroup;
			children = (
				AF3C180B16D704AB00243DAF /* HTML5-Info.plist */,
				AF3C180C16D704AB00243DAF /* InfoPlist.strings */,
				AF3C180F16D704AB00243DAF /* main.m */,
				AF3C181116D704AB00243DAF /* HTML5-Prefix.pch */,
				AF3C181516D704AB00243DAF /* Default.png */,
				AF3C181716D704AB00243DAF /* Default@2x.png */,
				AF3C181916D704AB00243DAF /* Default-568h@2x.png */,
			);
			name = "Supporting Files";
			sourceTree = "<group>";
		};
/* End PBXGroup section */

/* Begin PBXNativeTarget section */
		AF3C17FE16D704AB00243DAF /* HTML5 */ = {
			isa = PBXNativeTarget;
			buildConfigurationList = AF3C182316D704AB00243DAF /* Build configuration list for PBXNativeTarget "HTML5" */;
			buildPhases = (
				AF3C17FB16D704AB00243DAF /* Sources */,
				AF3C17FC16D704AB00243DAF /* Frameworks */,
				AF3C17FD16D704AB00243DAF /* Resources */,
			);
			buildRules = (
			);
			dependencies = (
			);
			name = HTML5;
			productName = HTML5;
			productReference = AF3C17FF16D704AB00243DAF /* HTML5.app */;
			productType = "com.apple.product-type.application";
		};
/* End PBXNativeTarget section */

/* Begin PBXProject section */
		AF3C17F616D704AB00243DAF /* Project object */ = {
			isa = PBXProject;
			attributes = {
				LastUpgradeCheck = 0450;
				ORGANIZATIONNAME = "Delgersuren Bold";
			};
			buildConfigurationList = AF3C17F916D704AB00243DAF /* Build configuration list for PBXProject "HTML5" */;
			compatibilityVersion = "Xcode 3.2";
			developmentRegion = English;
			hasScannedForEncodings = 0;
			knownRegions = (
				en,
			);
			mainGroup = AF3C17F416D704AB00243DAF;
			productRefGroup = AF3C180016D704AB00243DAF /* Products */;
			projectDirPath = "";
			projectRoot = "";
			targets = (
				AF3C17FE16D704AB00243DAF /* HTML5 */,
			);
		};
/* End PBXProject section */

/* Begin PBXResourcesBuildPhase section */
		AF3C17FD16D704AB00243DAF /* Resources */ = {
			isa = PBXResourcesBuildPhase;
			buildActionMask = 2147483647;
			files = (
				AF3C180E16D704AB00243DAF /* InfoPlist.strings in Resources */,
				AF3C181616D704AB00243DAF /* Default.png in Resources */,
				AF3C181816D704AB00243DAF /* Default@2x.png in Resources */,
				AF3C181A16D704AB00243DAF /* Default-568h@2x.png in Resources */,
				AF3C181D16D704AB00243DAF /* MainStoryboard.storyboard in Resources */,
				AFD91BCA16DC457600BD60C4 /* greenfrog.png in Resources */,
			);
			runOnlyForDeploymentPostprocessing = 0;
		};
/* End PBXResourcesBuildPhase section */

/* Begin PBXSourcesBuildPhase section */
		AF3C17FB16D704AB00243DAF /* Sources */ = {
			isa = PBXSourcesBuildPhase;
			buildActionMask = 2147483647;
			files = (
				AF3C181016D704AB00243DAF /* main.m in Sources */,
				AF3C181416D704AB00243DAF /* AppDelegate.m in Sources */,
				AF3C182016D704AB00243DAF /* ViewController.m in Sources */,
			);
			runOnlyForDeploymentPostprocessing = 0;
		};
/* End PBXSourcesBuildPhase section */

/* Begin PBXVariantGroup section */
		AF3C180C16D704AB00243DAF /* InfoPlist.strings */ = {
			isa = PBXVariantGroup;
			children = (
				AF3C180D16D704AB00243DAF /* en */,
			);
			name = InfoPlist.strings;
			sourceTree = "<group>";
		};
		AF3C181B16D704AB00243DAF /* MainStoryboard.storyboard */ = {
			isa = PBXVariantGroup;
			children = (
				AF3C181C16D704AB00243DAF /* en */,
			);
			name = MainStoryboard.storyboard;
			sourceTree = "<group>";
		};
/* End PBXVariantGroup section */

/* Begin XCBuildConfiguration section */
		AF3C182116D704AB00243DAF /* Debug */ = {
			isa = XCBuildConfiguration;
			buildSettings = {
				ALWAYS_SEARCH_USER_PATHS = NO;
				CLANG_CXX_LANGUAGE_STANDARD = "gnu++0x";
				CLANG_CXX_LIBRARY = "libc++";
				CLANG_WARN_EMPTY_BODY = YES;
				CLANG_WARN__DUPLICATE_METHOD_MATCH = YES;
				"CODE_SIGN_IDENTITY[sdk=iphoneos*]" = "iPhone Developer";
				COPY_PHASE_STRIP = NO;
				GCC_C_LANGUAGE_STANDARD = gnu99;
				GCC_DYNAMIC_NO_PIC = NO;
				GCC_OPTIMIZATION_LEVEL = 0;
				GCC_PREPROCESSOR_DEFINITIONS = (
					"DEBUG=1",
					"$(inherited)",
				);
				GCC_SYMBOLS_PRIVATE_EXTERN = NO;
				GCC_WARN_ABOUT_RETURN_TYPE = YES;
				GCC_WARN_UNINITIALIZED_AUTOS = YES;
				GCC_WARN_UNUSED_VARIABLE = YES;
				IPHONEOS_DEPLOYMENT_TARGET = 6.0;
				ONLY_ACTIVE_ARCH = YES;
				SDKROOT = iphoneos;
			};
			name = Debug;
		};
		AF3C182216D704AB00243DAF /* Release */ = {
			isa = XCBuildConfiguration;
			buildSettings = {
				ALWAYS_SEARCH_USER_PATHS = NO;
				CLANG_CXX_LANGUAGE_STANDARD = "gnu++0x";
				CLANG_CXX_LIBRARY = "libc++";
				CLANG_WARN_EMPTY_BODY = YES;
				CLANG_WARN__DUPLICATE_METHOD_MATCH = YES;
				"CODE_SIGN_IDENTITY[sdk=iphoneos*]" = "iPhone Developer";
				COPY_PHASE_STRIP = YES;
				GCC_C_LANGUAGE_STANDARD = gnu99;
				GCC_WARN_ABOUT_RETURN_TYPE = YES;
				GCC_WARN_UNINITIALIZED_AUTOS = YES;
				GCC_WARN_UNUSED_VARIABLE = YES;
				IPHONEOS_DEPLOYMENT_TARGET = 6.0;
				OTHER_CFLAGS = "-DNS_BLOCK_ASSERTIONS=1";
				SDKROOT = iphoneos;
				VALIDATE_PRODUCT = YES;
			};
			name = Release;
		};
		AF3C182416D704AB00243DAF /* Debug */ = {
			isa = XCBuildConfiguration;
			buildSettings = {
				GCC_PRECOMPILE_PREFIX_HEADER = YES;
				GCC_PREFIX_HEADER = "HTML5/HTML5-Prefix.pch";
				INFOPLIST_FILE = "HTML5/HTML5-Info.plist";
				PRODUCT_NAME = "$(TARGET_NAME)";
				WRAPPER_EXTENSION = app;
			};
			name = Debug;
		};
		AF3C182516D704AB00243DAF /* Release */ = {
			isa = XCBuildConfiguration;
			buildSettings = {
				GCC_PRECOMPILE_PREFIX_HEADER = YES;
				GCC_PREFIX_HEADER = "HTML5/HTML5-Prefix.pch";
				INFOPLIST_FILE = "HTML5/HTML5-Info.plist";
				PRODUCT_NAME = "$(TARGET_NAME)";
				WRAPPER_EXTENSION = app;
			};
			name = Release;
		};
/* End XCBuildConfiguration section */

/* Begin XCConfigurationList section */
		AF3C17F916D704AB00243DAF /* Build configuration list for PBXProject "HTML5" */ = {
			isa = XCConfigurationList;
			buildConfigurations = (
				AF3C182116D704AB00243DAF /* Debug */,
				AF3C182216D704AB00243DAF /* Release */,
			);
			defaultConfigurationIsVisible = 0;
			defaultConfigurationName = Release;
		};
		AF3C182316D704AB00243DAF /* Build configuration list for PBXNativeTarget "HTML5" */ = {
			isa = XCConfigurationList;
			buildConfigurations = (
				AF3C182416D704AB00243DAF /* Debug */,
				AF3C182516D704AB00243DAF /* Release */,
			);
			defaultConfigurationIsVisible = 0;
			defaultConfigurationName = Release;
		};
/* End XCConfigurationList section */
	};
	rootObject = AF3C17F616D704AB00243DAF /* Project object */;
}
